
Microsoft Visual Studio Solution File, Format Version 12.00
# Visual Studio Version 17
VisualStudioVersion = 17.1.32328.378
MinimumVisualStudioVersion = 10.0.40219.1
Project("{FAE04EC0-301F-11D3-BF4B-00C04F79EFBC}") = "ApplicantionLogging", "ApplicantionLogging\ApplicantionLogging.csproj", "{6063143E-1005-4DB1-960A-48A3499E5B47}"
EndProject
Global
	GlobalSection(SolutionConfigurationPlatforms) = preSolution
		Debug|Any CPU = Debug|Any CPU
		Release|Any CPU = Release|Any CPU
	EndGlobalSection
	GlobalSection(ProjectConfigurationPlatforms) = postSolution
		{6063143E-1005-4DB1-960A-48A3499E5B47}.Debug|Any CPU.ActiveCfg = Debug|Any CPU
		{6063143E-1005-4DB1-960A-48A3499E5B47}.Debug|Any CPU.Build.0 = Debug|Any CPU
		{6063143E-1005-4DB1-960A-48A3499E5B47}.Release|Any CPU.ActiveCfg = Release|Any CPU
		{6063143E-1005-4DB1-960A-48A3499E5B47}.Release|Any CPU.Build.0 = Release|Any CPU
	EndGlobalSection
	GlobalSection(SolutionProperties) = preSolution
		HideSolutionNode = FALSE
	EndGlobalSection
	GlobalSection(ExtensibilityGlobals) = postSolution
		SolutionGuid = {7AA0650A-5905-4BE4-AD77-E1931B250D87}
	EndGlobalSection
EndGlobal
